
Microsoft Visual Studio Solution File, Format Version 12.00
# Visual Studio Version 17
VisualStudioVersion = 17.13.35825.156
MinimumVisualStudioVersion = 10.0.40219.1
Project("{FAE04EC0-301F-11D3-BF4B-00C04F79EFBC}") = "DoServicesApp", "DoServicesApp\DoServicesApp.csproj", "{7F80BB4F-97E4-4685-9107-7181AF05748F}"
EndProject
Project("{FAE04EC0-301F-11D3-BF4B-00C04F79EFBC}") = "RestApisForMyGrpc", "RestApisForMyGrpc\RestApisForMyGrpc.csproj", "{282A181A-0436-467D-8277-0B8E0CEB13F3}"
EndProject
Global
	GlobalSection(SolutionConfigurationPlatforms) = preSolution
		Debug|Any CPU = Debug|Any CPU
		Release|Any CPU = Release|Any CPU
	EndGlobalSection
	GlobalSection(ProjectConfigurationPlatforms) = postSolution
		{7F80BB4F-97E4-4685-9107-7181AF05748F}.Debug|Any CPU.ActiveCfg = Debug|Any CPU
		{7F80BB4F-97E4-4685-9107-7181AF05748F}.Debug|Any CPU.Build.0 = Debug|Any CPU
		{7F80BB4F-97E4-4685-9107-7181AF05748F}.Release|Any CPU.ActiveCfg = Release|Any CPU
		{7F80BB4F-97E4-4685-9107-7181AF05748F}.Release|Any CPU.Build.0 = Release|Any CPU
		{282A181A-0436-467D-8277-0B8E0CEB13F3}.Debug|Any CPU.ActiveCfg = Debug|Any CPU
		{282A181A-0436-467D-8277-0B8E0CEB13F3}.Debug|Any CPU.Build.0 = Debug|Any CPU
		{282A181A-0436-467D-8277-0B8E0CEB13F3}.Release|Any CPU.ActiveCfg = Release|Any CPU
		{282A181A-0436-467D-8277-0B8E0CEB13F3}.Release|Any CPU.Build.0 = Release|Any CPU
	EndGlobalSection
	GlobalSection(SolutionProperties) = preSolution
		HideSolutionNode = FALSE
	EndGlobalSection
	GlobalSection(ExtensibilityGlobals) = postSolution
		SolutionGuid = {6D211763-9629-47E8-83AE-EE14A1290623}
	EndGlobalSection
EndGlobal
